# This file was autogenerated by Stack.
# You should not edit this file by hand.
# For more information, please see the documentation at:
#   https://docs.haskellstack.org/en/stable/lock_files

packages:
- completed:
    hackage: http2-grpc-types-0.5.0.0@sha256:4d34edc06a48496130f19245817a7cd7ea15c78ac8815570c3795ffc4503cf27,1445
    pantry-tree:
      size: 405
      sha256: 3a1a94b87acd230b2f750f0077dc47177f37e46a2984b5764390207a83c4d5e4
  original:
    hackage: http2-grpc-types-0.5.0.0
- completed:
    hackage: http2-grpc-proto-lens-0.1.0.0@sha256:7745c53a22a59c5a9456eef11160365ab8d80a306b785881ce26141fe6c9f2fc,1479
    pantry-tree:
      size: 339
      sha256: bdfb2a3c69b78ecad47c1e13fdcc6ca2e3bd47a5c9e7a7413ae41f004c3efc72
  original:
    hackage: http2-grpc-proto-lens-0.1.0.0
- completed:
    hackage: warp-grpc-0.4.0.1@sha256:3859190e4fa23b944cf93ac691b3cec78c2adf4eaff6a4e8070c89fd17915add,1759
    pantry-tree:
      size: 709
      sha256: f542ef3e7e03b9cd0b2c0e0c436ce4e68ab37f56195740639034cc3cd28a6b9f
  original:
    hackage: warp-grpc-0.4.0.1
snapshots:
- completed:
    size: 491372
    url: https://raw.githubusercontent.com/commercialhaskell/stackage-snapshots/master/lts/15/5.yaml
    sha256: 1b549cfff328040c382a70a84a2087aac8dab6d778bf92f32a93a771a1980dfc
  original: lts-15.5
